
Microsoft Visual Studio Solution File, Format Version 12.00
# Visual Studio Version 17
VisualStudioVersion = 17.0.31903.59
MinimumVisualStudioVersion = 10.0.40219.1
Project("{9A19103F-16F7-4668-BE54-9A1E7A4F7556}") = "HelloCMS.Identity", "HelloCMS.Identity\HelloCMS.Identity.csproj", "{2C759CF1-DD88-4556-A8F2-BD8F25EA41F9}"
EndProject
Project("{2150E333-8FDC-42A3-9474-1A3956D46DE8}") = "Services", "Services", "{CDC6D5E1-CD59-4449-BF77-B1B5D5509C84}"
EndProject
Project("{2150E333-8FDC-42A3-9474-1A3956D46DE8}") = "WebApps", "WebApps", "{DEA6BE4A-6D93-4821-BA72-ED3332BABA59}"
EndProject
Project("{2150E333-8FDC-42A3-9474-1A3956D46DE8}") = "Deployment", "Deployment", "{27D1AD2A-4AD2-49FE-921D-B79DDFE6FA75}"
EndProject
Project("{2150E333-8FDC-42A3-9474-1A3956D46DE8}") = "Identity", "Identity", "{09E11EA1-1CC9-4187-927E-E4EA591B7658}"
EndProject
Project("{2150E333-8FDC-42A3-9474-1A3956D46DE8}") = "HomeApi", "HomeApi", "{E762B481-8FB5-49C2-B864-B5994881F893}"
EndProject
Project("{9A19103F-16F7-4668-BE54-9A1E7A4F7556}") = "HelloCMS.Identity.UnitTests", "HelloCMS.LoginApi.UnitTests\HelloCMS.Identity.UnitTests.csproj", "{5353D544-D53E-4F0F-A304-98506399A46E}"
EndProject
Global
	GlobalSection(SolutionConfigurationPlatforms) = preSolution
		Debug|Any CPU = Debug|Any CPU
		Release|Any CPU = Release|Any CPU
	EndGlobalSection
	GlobalSection(ProjectConfigurationPlatforms) = postSolution
		{2C759CF1-DD88-4556-A8F2-BD8F25EA41F9}.Debug|Any CPU.ActiveCfg = Debug|Any CPU
		{2C759CF1-DD88-4556-A8F2-BD8F25EA41F9}.Debug|Any CPU.Build.0 = Debug|Any CPU
		{2C759CF1-DD88-4556-A8F2-BD8F25EA41F9}.Release|Any CPU.ActiveCfg = Release|Any CPU
		{2C759CF1-DD88-4556-A8F2-BD8F25EA41F9}.Release|Any CPU.Build.0 = Release|Any CPU
		{5353D544-D53E-4F0F-A304-98506399A46E}.Debug|Any CPU.ActiveCfg = Debug|Any CPU
		{5353D544-D53E-4F0F-A304-98506399A46E}.Debug|Any CPU.Build.0 = Debug|Any CPU
		{5353D544-D53E-4F0F-A304-98506399A46E}.Release|Any CPU.ActiveCfg = Release|Any CPU
		{5353D544-D53E-4F0F-A304-98506399A46E}.Release|Any CPU.Build.0 = Release|Any CPU
	EndGlobalSection
	GlobalSection(SolutionProperties) = preSolution
		HideSolutionNode = FALSE
	EndGlobalSection
	GlobalSection(NestedProjects) = preSolution
		{2C759CF1-DD88-4556-A8F2-BD8F25EA41F9} = {09E11EA1-1CC9-4187-927E-E4EA591B7658}
		{09E11EA1-1CC9-4187-927E-E4EA591B7658} = {CDC6D5E1-CD59-4449-BF77-B1B5D5509C84}
		{E762B481-8FB5-49C2-B864-B5994881F893} = {CDC6D5E1-CD59-4449-BF77-B1B5D5509C84}
		{5353D544-D53E-4F0F-A304-98506399A46E} = {09E11EA1-1CC9-4187-927E-E4EA591B7658}
	EndGlobalSection
	GlobalSection(ExtensibilityGlobals) = postSolution
		SolutionGuid = {100CE02F-C8D5-4D37-9FAD-90AC13ED81E7}
	EndGlobalSection
EndGlobal
