
Microsoft Visual Studio Solution File, Format Version 12.00
# Visual Studio Version 17
VisualStudioVersion = 17.0.31903.59
MinimumVisualStudioVersion = 10.0.40219.1
Project("{FAE04EC0-301F-11D3-BF4B-00C04F79EFBC}") = "HelloCMS.LoginApi", "HelloCMS.LoginApi\HelloCMS.LoginApi.csproj", "{2C759CF1-DD88-4556-A8F2-BD8F25EA41F9}"
EndProject
Global
	GlobalSection(SolutionConfigurationPlatforms) = preSolution
		Debug|Any CPU = Debug|Any CPU
		Release|Any CPU = Release|Any CPU
	EndGlobalSection
	GlobalSection(ProjectConfigurationPlatforms) = postSolution
		{2C759CF1-DD88-4556-A8F2-BD8F25EA41F9}.Debug|Any CPU.ActiveCfg = Debug|Any CPU
		{2C759CF1-DD88-4556-A8F2-BD8F25EA41F9}.Debug|Any CPU.Build.0 = Debug|Any CPU
		{2C759CF1-DD88-4556-A8F2-BD8F25EA41F9}.Release|Any CPU.ActiveCfg = Release|Any CPU
		{2C759CF1-DD88-4556-A8F2-BD8F25EA41F9}.Release|Any CPU.Build.0 = Release|Any CPU
	EndGlobalSection
	GlobalSection(SolutionProperties) = preSolution
		HideSolutionNode = FALSE
	EndGlobalSection
	GlobalSection(ExtensibilityGlobals) = postSolution
		SolutionGuid = {100CE02F-C8D5-4D37-9FAD-90AC13ED81E7}
	EndGlobalSection
EndGlobal
